
Microsoft Visual Studio Solution File, Format Version 12.00
# Visual Studio 15
VisualStudioVersion = 15.0.27004.2002
MinimumVisualStudioVersion = 10.0.40219.1
Project("{FAE04EC0-301F-11D3-BF4B-00C04F79EFBC}") = "DDDSample.ApplicationLayer", "DDDSample.ApplicationLayer\DDDSample.ApplicationLayer.csproj", "{1C14CCBD-AA2E-4B2E-A801-1B64D1631DBA}"
EndProject
Project("{FAE04EC0-301F-11D3-BF4B-00C04F79EFBC}") = "DDDSample.DomainLayer", "DDDSample.DomainLayer\DDDSample.DomainLayer.csproj", "{911B1DFA-7833-4C5F-A5BD-906D94471905}"
EndProject
Project("{FAE04EC0-301F-11D3-BF4B-00C04F79EFBC}") = "DDDSample.InfrastructureLayer", "DDDSample.InfrastructureLayer\DDDSample.InfrastructureLayer.csproj", "{C29F03FE-BA40-4231-B7D3-F949BBC9CA40}"
EndProject
Project("{FAE04EC0-301F-11D3-BF4B-00C04F79EFBC}") = "DDDSample.SharedKernel", "DDDSample.SharedKernel\DDDSample.SharedKernel.csproj", "{16752F8D-2C6D-4152-A6B2-753D70F057FB}"
EndProject
Project("{FAE04EC0-301F-11D3-BF4B-00C04F79EFBC}") = "DDDSample.PresentationLayer", "DDDSample.PresentationLayer\DDDSample.PresentationLayer.csproj", "{AD08B9A2-FA88-4F2E-9A8D-F2DBDE8B12BE}"
EndProject
Global
	GlobalSection(SolutionConfigurationPlatforms) = preSolution
		Debug|Any CPU = Debug|Any CPU
		Release|Any CPU = Release|Any CPU
	EndGlobalSection
	GlobalSection(ProjectConfigurationPlatforms) = postSolution
		{1C14CCBD-AA2E-4B2E-A801-1B64D1631DBA}.Debug|Any CPU.ActiveCfg = Debug|Any CPU
		{1C14CCBD-AA2E-4B2E-A801-1B64D1631DBA}.Debug|Any CPU.Build.0 = Debug|Any CPU
		{1C14CCBD-AA2E-4B2E-A801-1B64D1631DBA}.Release|Any CPU.ActiveCfg = Release|Any CPU
		{1C14CCBD-AA2E-4B2E-A801-1B64D1631DBA}.Release|Any CPU.Build.0 = Release|Any CPU
		{911B1DFA-7833-4C5F-A5BD-906D94471905}.Debug|Any CPU.ActiveCfg = Debug|Any CPU
		{911B1DFA-7833-4C5F-A5BD-906D94471905}.Debug|Any CPU.Build.0 = Debug|Any CPU
		{911B1DFA-7833-4C5F-A5BD-906D94471905}.Release|Any CPU.ActiveCfg = Release|Any CPU
		{911B1DFA-7833-4C5F-A5BD-906D94471905}.Release|Any CPU.Build.0 = Release|Any CPU
		{C29F03FE-BA40-4231-B7D3-F949BBC9CA40}.Debug|Any CPU.ActiveCfg = Debug|Any CPU
		{C29F03FE-BA40-4231-B7D3-F949BBC9CA40}.Debug|Any CPU.Build.0 = Debug|Any CPU
		{C29F03FE-BA40-4231-B7D3-F949BBC9CA40}.Release|Any CPU.ActiveCfg = Release|Any CPU
		{C29F03FE-BA40-4231-B7D3-F949BBC9CA40}.Release|Any CPU.Build.0 = Release|Any CPU
		{16752F8D-2C6D-4152-A6B2-753D70F057FB}.Debug|Any CPU.ActiveCfg = Debug|Any CPU
		{16752F8D-2C6D-4152-A6B2-753D70F057FB}.Debug|Any CPU.Build.0 = Debug|Any CPU
		{16752F8D-2C6D-4152-A6B2-753D70F057FB}.Release|Any CPU.ActiveCfg = Release|Any CPU
		{16752F8D-2C6D-4152-A6B2-753D70F057FB}.Release|Any CPU.Build.0 = Release|Any CPU
		{AD08B9A2-FA88-4F2E-9A8D-F2DBDE8B12BE}.Debug|Any CPU.ActiveCfg = Debug|Any CPU
		{AD08B9A2-FA88-4F2E-9A8D-F2DBDE8B12BE}.Debug|Any CPU.Build.0 = Debug|Any CPU
		{AD08B9A2-FA88-4F2E-9A8D-F2DBDE8B12BE}.Release|Any CPU.ActiveCfg = Release|Any CPU
		{AD08B9A2-FA88-4F2E-9A8D-F2DBDE8B12BE}.Release|Any CPU.Build.0 = Release|Any CPU
	EndGlobalSection
	GlobalSection(SolutionProperties) = preSolution
		HideSolutionNode = FALSE
	EndGlobalSection
	GlobalSection(ExtensibilityGlobals) = postSolution
		SolutionGuid = {D0E985E4-76F3-4113-8A91-B91FB1D19BC5}
	EndGlobalSection
EndGlobal
